{
  "nodes": {
    "bash-logger": {
      "inputs": {
        "nixpkgs": [
          "nixpkgs"
        ]
      },
      "locked": {
        "lastModified": 1788096965,
        "narHash": "sha256-MWR3yXxP4//kv69VIJV+IpWXM9xNNrpaR9hWQeuMHj8=",
        "owner": "Jatsekku",
        "repo": "bash-logger",
        "rev": "e384419df2d6f62d8fa6a7175d71f128014150ff",
        "type": "github"
      },
      "original": {
        "owner": "Jatsekku",
        "repo": "bash-logger",
        "type": "github"
      }
    },
    "nixpkgs": {
      "locked": {
        "lastModified": 1787964612,
        "narHash": "sha256-0N9nghg3nwzX6b6qc77EzjR9cu/Z+UR66FlfsCqiURs=",
        "owner": "nixos",
        "repo": "nixpkgs",
        "rev": "e8be7818e19ada32105a8af937a6a473b38167ca",
        "type": "github"
      },
      "original": {
        "owner": "nixos",
        "ref": "nixpkgs-unstable",
        "repo": "nixpkgs",
        "type": "github"
      }
    },
    "root": {
      "inputs": {
        "bash-logger": "bash-logger",
        "nixpkgs": "nixpkgs"
      }
    }
  },
  "root": "root",
  "version": 7
}
